
Microsoft Visual Studio Solution File, Format Version 12.00
# Visual Studio Version 17
VisualStudioVersion = 17.9.34622.214
MinimumVisualStudioVersion = 10.0.40219.1
Project("{FAE04EC0-301F-11D3-BF4B-00C04F79EFBC}") = "LocationNotificationService", "LocationNotificationService\LocationNotificationService.csproj", "{727447E3-46C5-4855-9D2D-69B9BC76E330}"
EndProject
Global
	GlobalSection(SolutionConfigurationPlatforms) = preSolution
		Debug|Any CPU = Debug|Any CPU
		Release|Any CPU = Release|Any CPU
	EndGlobalSection
	GlobalSection(ProjectConfigurationPlatforms) = postSolution
		{727447E3-46C5-4855-9D2D-69B9BC76E330}.Debug|Any CPU.ActiveCfg = Debug|Any CPU
		{727447E3-46C5-4855-9D2D-69B9BC76E330}.Debug|Any CPU.Build.0 = Debug|Any CPU
		{727447E3-46C5-4855-9D2D-69B9BC76E330}.Release|Any CPU.ActiveCfg = Release|Any CPU
		{727447E3-46C5-4855-9D2D-69B9BC76E330}.Release|Any CPU.Build.0 = Release|Any CPU
	EndGlobalSection
	GlobalSection(SolutionProperties) = preSolution
		HideSolutionNode = FALSE
	EndGlobalSection
	GlobalSection(ExtensibilityGlobals) = postSolution
		SolutionGuid = {3467379C-A48B-491A-A516-24BDF56389C5}
	EndGlobalSection
EndGlobal
